PODS:
  - YandexMobileMetrica (3.14.1):
    - YandexMobileMetrica/Static (= 3.14.1)
  - YandexMobileMetrica/Static (3.14.1):
    - YandexMobileMetrica/Static/Core (= 3.14.1)
    - YandexMobileMetrica/Static/Crashes (= 3.14.1)
  - YandexMobileMetrica/Static/Core (3.14.1)
  - YandexMobileMetrica/Static/Crashes (3.14.1):
    - YandexMobileMetrica/Static/Core

DEPENDENCIES:
  - YandexMobileMetrica (= 3.14.1)

SPEC REPOS:
  trunk:
    - YandexMobileMetrica

SPEC CHECKSUMS:
  YandexMobileMetrica: 072fc59d216c8824d83d1d54bdc6e96d9cfcc59c

PODFILE CHECKSUM: 80e49c42ebcef89e53c202c5ebdba353c6a3e178

COCOAPODS: 1.10.1
