
Microsoft Visual Studio Solution File, Format Version 12.00
# Visual Studio Version 16
VisualStudioVersion = 16.0.810.0
MinimumVisualStudioVersion = 10.0.40219.1
Project("{FAE04EC0-301F-11D3-BF4B-00C04F79EFBC}") = "YandexMetrica.Xamarin.iOSBinding", "YandexMetrica.Xamarin.iOSBinding.csproj", "{31A0AF42-B113-40E3-9F0F-9CE6C9D0301A}"
EndProject
Global
	GlobalSection(SolutionConfigurationPlatforms) = preSolution
		Debug|Any CPU = Debug|Any CPU
		Release|Any CPU = Release|Any CPU
	EndGlobalSection
	GlobalSection(ProjectConfigurationPlatforms) = postSolution
		{31A0AF42-B113-40E3-9F0F-9CE6C9D0301A}.Debug|Any CPU.ActiveCfg = Debug|Any CPU
		{31A0AF42-B113-40E3-9F0F-9CE6C9D0301A}.Debug|Any CPU.Build.0 = Debug|Any CPU
		{31A0AF42-B113-40E3-9F0F-9CE6C9D0301A}.Release|Any CPU.ActiveCfg = Release|Any CPU
		{31A0AF42-B113-40E3-9F0F-9CE6C9D0301A}.Release|Any CPU.Build.0 = Release|Any CPU
	EndGlobalSection
	GlobalSection(SolutionProperties) = preSolution
		HideSolutionNode = FALSE
	EndGlobalSection
	GlobalSection(ExtensibilityGlobals) = postSolution
		SolutionGuid = {4E3CD2CC-05C0-4140-8F9D-90699AAF89C8}
	EndGlobalSection
EndGlobal
